Microsoft Visual Studio Solution File, Format Version 12.00
# Visual Studio Version 17
VisualStudioVersion = 17.5.2.0
MinimumVisualStudioVersion = 10.0.40219.1
Project("{FAE04EC0-301F-11D3-BF4B-00C04F79EFBC}") = "WinterSportAcademy", "FinanceTracker-2026.csproj", "{23415EBA-CF12-0834-F29D-B1B065C87DE9}"
EndProject
Global
	GlobalSection(SolutionConfigurationPlatforms) = preSolution
		Debug|Any CPU = Debug|Any CPU
		Release|Any CPU = Release|Any CPU
	EndGlobalSection
	GlobalSection(ProjectConfigurationPlatforms) = postSolution
		{23415EBA-CF12-0834-F29D-B1B065C87DE9}.Debug|Any CPU.ActiveCfg = Debug|Any CPU
		{23415EBA-CF12-0834-F29D-B1B065C87DE9}.Debug|Any CPU.Build.0 = Debug|Any CPU
		{23415EBA-CF12-0834-F29D-B1B065C87DE9}.Release|Any CPU.ActiveCfg = Release|Any CPU
		{23415EBA-CF12-0834-F29D-B1B065C87DE9}.Release|Any CPU.Build.0 = Release|Any CPU
	EndGlobalSection
	GlobalSection(SolutionProperties) = preSolution
		HideSolutionNode = FALSE
	EndGlobalSection
	GlobalSection(ExtensibilityGlobals) = postSolution
		SolutionGuid = {0EAF8A40-A33E-4B03-821E-7CD60DC9C18C}
	EndGlobalSection
EndGlobal
